# This file is automatically @generated by Cargo.
# It is not intended for manual editing.
version = 4

[[package]]
name = "game"
version = "0.1.0"
dependencies = [
 "ghostos-syscall",
 "ghostos-userspace-build",
]

[[package]]
name = "ghostos-syscall"
version = "0.1.0"
dependencies = [
 "pc-keyboard",
]

[[package]]
name = "ghostos-userspace-build"
version = "0.1.0"

[[package]]
name = "pc-keyboard"
version = "0.8.0"
source = "registry+https://github.com/rust-lang/crates.io-index"
checksum = "f0ca629cbb3f0d5b699c338f0129ff78c9bfd7ea8b1258ad529bff490dc8ed5a"
