# This file is automatically @generated by Cargo.
# It is not intended for manual editing.
version = 4

[[package]]
name = "game"
version = "0.1.0"
dependencies = [
 "ghostos-syscall",
 "ghostos-userspace-build",
]

[[package]]
name = "ghostos-syscall"
version = "0.1.0"

[[package]]
name = "ghostos-userspace-build"
version = "0.1.0"
